
Microsoft Visual Studio Solution File, Format Version 12.00
# Visual Studio Version 16
VisualStudioVersion = 16.0.30204.135
MinimumVisualStudioVersion = 10.0.40219.1
Project("{FAE04EC0-301F-11D3-BF4B-00C04F79EFBC}") = "Vidly", "Vidly\Vidly.csproj", "{8B7CB7A3-5002-4D6D-B421-10B16413E6BF}"
EndProject
Global
	GlobalSection(SolutionConfigurationPlatforms) = preSolution
		Debug|Any CPU = Debug|Any CPU
		Release|Any CPU = Release|Any CPU
	EndGlobalSection
	GlobalSection(ProjectConfigurationPlatforms) = postSolution
		{8B7CB7A3-5002-4D6D-B421-10B16413E6BF}.Debug|Any CPU.ActiveCfg = Debug|Any CPU
		{8B7CB7A3-5002-4D6D-B421-10B16413E6BF}.Debug|Any CPU.Build.0 = Debug|Any CPU
		{8B7CB7A3-5002-4D6D-B421-10B16413E6BF}.Release|Any CPU.ActiveCfg = Release|Any CPU
		{8B7CB7A3-5002-4D6D-B421-10B16413E6BF}.Release|Any CPU.Build.0 = Release|Any CPU
	EndGlobalSection
	GlobalSection(SolutionProperties) = preSolution
		HideSolutionNode = FALSE
	EndGlobalSection
	GlobalSection(ExtensibilityGlobals) = postSolution
		SolutionGuid = {0B13AA74-AE29-4A11-9915-5286694BD7DD}
	EndGlobalSection
EndGlobal
